
Microsoft Visual Studio Solution File, Format Version 12.00
# Visual Studio 15
VisualStudioVersion = 15.0.28010.2048
MinimumVisualStudioVersion = 10.0.40219.1
Project("{FAE04EC0-301F-11D3-BF4B-00C04F79EFBC}") = "Final Project", "Final Project\Final Project.csproj", "{B5BE6D55-3C0E-40CD-B864-F3D52DAD5A7F}"
EndProject
Global
	GlobalSection(SolutionConfigurationPlatforms) = preSolution
		Debug|Any CPU = Debug|Any CPU
		Release|Any CPU = Release|Any CPU
	EndGlobalSection
	GlobalSection(ProjectConfigurationPlatforms) = postSolution
		{B5BE6D55-3C0E-40CD-B864-F3D52DAD5A7F}.Debug|Any CPU.ActiveCfg = Debug|Any CPU
		{B5BE6D55-3C0E-40CD-B864-F3D52DAD5A7F}.Debug|Any CPU.Build.0 = Debug|Any CPU
		{B5BE6D55-3C0E-40CD-B864-F3D52DAD5A7F}.Release|Any CPU.ActiveCfg = Release|Any CPU
		{B5BE6D55-3C0E-40CD-B864-F3D52DAD5A7F}.Release|Any CPU.Build.0 = Release|Any CPU
	EndGlobalSection
	GlobalSection(SolutionProperties) = preSolution
		HideSolutionNode = FALSE
	EndGlobalSection
	GlobalSection(ExtensibilityGlobals) = postSolution
		SolutionGuid = {29BC933E-5C4A-4D97-AF53-B957122E3C60}
	EndGlobalSection
EndGlobal
